// !$*UTF8*$!
{
	archiveVersion = 1;
	classes = {
	};
	objectVersion = 50;
	objects = {

/* Begin PBXBuildFile section */
		45221BE625A8DA8C00054D19 /* TSP_genetic.cpp in Sources */ = {isa = PBXBuildFile; fileRef = 45221BE425A8DA8C00054D19 /* TSP_genetic.cpp */; };
		454C1A5F25A989E000BAD9BA /* GraphCreator.cpp in Sources */ = {isa = PBXBuildFile; fileRef = 454C1A5D25A989E000BAD9BA /* GraphCreator.cpp */; };
		45B61F5625AA16AE004CD917 /* TSP_dp.cpp in Sources */ = {isa = PBXBuildFile; fileRef = 45B61F5525AA16AE004CD917 /* TSP_dp.cpp */; };
		45D9463925A785EE00135BE0 /* main.cpp in Sources */ = {isa = PBXBuildFile; fileRef = 45D9463825A785EE00135BE0 /* main.cpp */; };
		45D9464025A7866000135BE0 /* TSP_brute.cpp in Sources */ = {isa = PBXBuildFile; fileRef = 45D9463F25A7866000135BE0 /* TSP_brute.cpp */; };
		45D9464425A7869900135BE0 /* Graph.cpp in Sources */ = {isa = PBXBuildFile; fileRef = 45D9464225A7869900135BE0 /* Graph.cpp */; };
		45D9464F25A8505700135BE0 /* TSP.cpp in Sources */ = {isa = PBXBuildFile; fileRef = 45D9464D25A8505700135BE0 /* TSP.cpp */; };
/* End PBXBuildFile section */

/* Begin PBXCopyFilesBuildPhase section */
		45D9463325A785EE00135BE0 /* CopyFiles */ = {
			isa = PBXCopyFilesBuildPhase;
			buildActionMask = 2147483647;
			dstPath = /usr/share/man/man1/;
			dstSubfolderSpec = 0;
			files = (
			);
			runOnlyForDeploymentPostprocessing = 1;
		};
/* End PBXCopyFilesBuildPhase section */

/* Begin PBXFileReference section */
		45221BE425A8DA8C00054D19 /* TSP_genetic.cpp */ = {isa = PBXFileReference; lastKnownFileType = sourcecode.cpp.cpp; path = TSP_genetic.cpp; sourceTree = "<group>"; };
		454C1A5D25A989E000BAD9BA /* GraphCreator.cpp */ = {isa = PBXFileReference; lastKnownFileType = sourcecode.cpp.cpp; path = GraphCreator.cpp; sourceTree = "<group>"; };
		454C1A5E25A989E000BAD9BA /* GraphCreator.hpp */ = {isa = PBXFileReference; lastKnownFileType = sourcecode.cpp.h; path = GraphCreator.hpp; sourceTree = "<group>"; };
		45B61F5525AA16AE004CD917 /* TSP_dp.cpp */ = {isa = PBXFileReference; lastKnownFileType = sourcecode.cpp.cpp; path = TSP_dp.cpp; sourceTree = "<group>"; };
		45D9463525A785EE00135BE0 /* SalesManProblem */ = {isa = PBXFileReference; explicitFileType = "compiled.mach-o.executable"; includeInIndex = 0; path = SalesManProblem; sourceTree = BUILT_PRODUCTS_DIR; };
		45D9463825A785EE00135BE0 /* main.cpp */ = {isa = PBXFileReference; lastKnownFileType = sourcecode.cpp.cpp; path = main.cpp; sourceTree = "<group>"; };
		45D9463F25A7866000135BE0 /* TSP_brute.cpp */ = {isa = PBXFileReference; lastKnownFileType = sourcecode.cpp.cpp; path = TSP_brute.cpp; sourceTree = "<group>"; };
		45D9464225A7869900135BE0 /* Graph.cpp */ = {isa = PBXFileReference; lastKnownFileType = sourcecode.cpp.cpp; path = Graph.cpp; sourceTree = "<group>"; };
		45D9464325A7869900135BE0 /* Graph.hpp */ = {isa = PBXFileReference; lastKnownFileType = sourcecode.cpp.h; path = Graph.hpp; sourceTree = "<group>"; };
		45D9464A25A795F500135BE0 /* TSPs.hpp */ = {isa = PBXFileReference; lastKnownFileType = sourcecode.cpp.h; path = TSPs.hpp; sourceTree = "<group>"; };
		45D9464D25A8505700135BE0 /* TSP.cpp */ = {isa = PBXFileReference; lastKnownFileType = sourcecode.cpp.cpp; path = TSP.cpp; sourceTree = "<group>"; };
		45D9464E25A8505700135BE0 /* TSP.hpp */ = {isa = PBXFileReference; lastKnownFileType = sourcecode.cpp.h; path = TSP.hpp; sourceTree = "<group>"; };
/* End PBXFileReference section */

/* Begin PBXFrameworksBuildPhase section */
		45D9463225A785EE00135BE0 /* Frameworks */ = {
			isa = PBXFrameworksBuildPhase;
			buildActionMask = 2147483647;
			files = (
			);
			runOnlyForDeploymentPostprocessing = 0;
		};
/* End PBXFrameworksBuildPhase section */

/* Begin PBXGroup section */
		45D9462C25A785EE00135BE0 = {
			isa = PBXGroup;
			children = (
				45D9463725A785EE00135BE0 /* SalesManProblem */,
				45D9463625A785EE00135BE0 /* Products */,
			);
			sourceTree = "<group>";
		};
		45D9463625A785EE00135BE0 /* Products */ = {
			isa = PBXGroup;
			children = (
				45D9463525A785EE00135BE0 /* SalesManProblem */,
			);
			name = Products;
			sourceTree = "<group>";
		};
		45D9463725A785EE00135BE0 /* SalesManProblem */ = {
			isa = PBXGroup;
			children = (
				45D9464C25A8504A00135BE0 /* TSP */,
				45D9464125A7866F00135BE0 /* Graph */,
				45D9463825A785EE00135BE0 /* main.cpp */,
				45D9463F25A7866000135BE0 /* TSP_brute.cpp */,
				45D9464A25A795F500135BE0 /* TSPs.hpp */,
				45221BE425A8DA8C00054D19 /* TSP_genetic.cpp */,
				45B61F5525AA16AE004CD917 /* TSP_dp.cpp */,
			);
			path = SalesManProblem;
			sourceTree = "<group>";
		};
		45D9464125A7866F00135BE0 /* Graph */ = {
			isa = PBXGroup;
			children = (
				45D9464225A7869900135BE0 /* Graph.cpp */,
				45D9464325A7869900135BE0 /* Graph.hpp */,
				454C1A5D25A989E000BAD9BA /* GraphCreator.cpp */,
				454C1A5E25A989E000BAD9BA /* GraphCreator.hpp */,
			);
			path = Graph;
			sourceTree = "<group>";
		};
		45D9464C25A8504A00135BE0 /* TSP */ = {
			isa = PBXGroup;
			children = (
				45D9464D25A8505700135BE0 /* TSP.cpp */,
				45D9464E25A8505700135BE0 /* TSP.hpp */,
			);
			path = TSP;
			sourceTree = "<group>";
		};
/* End PBXGroup section */

/* Begin PBXNativeTarget section */
		45D9463425A785EE00135BE0 /* SalesManProblem */ = {
			isa = PBXNativeTarget;
			buildConfigurationList = 45D9463C25A785EE00135BE0 /* Build configuration list for PBXNativeTarget "SalesManProblem" */;
			buildPhases = (
				45D9463125A785EE00135BE0 /* Sources */,
				45D9463225A785EE00135BE0 /* Frameworks */,
				45D9463325A785EE00135BE0 /* CopyFiles */,
			);
			buildRules = (
			);
			dependencies = (
			);
			name = SalesManProblem;
			productName = SalesManProblem;
			productReference = 45D9463525A785EE00135BE0 /* SalesManProblem */;
			productType = "com.apple.product-type.tool";
		};
/* End PBXNativeTarget section */

/* Begin PBXProject section */
		45D9462D25A785EE00135BE0 /* Project object */ = {
			isa = PBXProject;
			attributes = {
				LastUpgradeCheck = 1170;
				ORGANIZATIONNAME = "Hristo Todorov";
				TargetAttributes = {
					45D9463425A785EE00135BE0 = {
						CreatedOnToolsVersion = 11.7;
					};
				};
			};
			buildConfigurationList = 45D9463025A785EE00135BE0 /* Build configuration list for PBXProject "SalesManProblem" */;
			compatibilityVersion = "Xcode 9.3";
			developmentRegion = en;
			hasScannedForEncodings = 0;
			knownRegions = (
				en,
				Base,
			);
			mainGroup = 45D9462C25A785EE00135BE0;
			productRefGroup = 45D9463625A785EE00135BE0 /* Products */;
			projectDirPath = "";
			projectRoot = "";
			targets = (
				45D9463425A785EE00135BE0 /* SalesManProblem */,
			);
		};
/* End PBXProject section */

/* Begin PBXSourcesBuildPhase section */
		45D9463125A785EE00135BE0 /* Sources */ = {
			isa = PBXSourcesBuildPhase;
			buildActionMask = 2147483647;
			files = (
				45D9464025A7866000135BE0 /* TSP_brute.cpp in Sources */,
				45221BE625A8DA8C00054D19 /* TSP_genetic.cpp in Sources */,
				45D9464425A7869900135BE0 /* Graph.cpp in Sources */,
				45B61F5625AA16AE004CD917 /* TSP_dp.cpp in Sources */,
				454C1A5F25A989E000BAD9BA /* GraphCreator.cpp in Sources */,
				45D9463925A785EE00135BE0 /* main.cpp in Sources */,
				45D9464F25A8505700135BE0 /* TSP.cpp in Sources */,
			);
			runOnlyForDeploymentPostprocessing = 0;
		};
/* End PBXSourcesBuildPhase section */

/* Begin XCBuildConfiguration section */
		45D9463A25A785EE00135BE0 /* Debug */ = {
			isa = XCBuildConfiguration;
			buildSettings = {
				ALWAYS_SEARCH_USER_PATHS = NO;
				CLANG_ANALYZER_NONNULL = YES;
				CLANG_ANALYZER_NUMBER_OBJECT_CONVERSION = YES_AGGRESSIVE;
				CLANG_CXX_LANGUAGE_STANDARD = "gnu++14";
				CLANG_CXX_LIBRARY = "libc++";
				CLANG_ENABLE_MODULES = YES;
				CLANG_ENABLE_OBJC_ARC = YES;
				CLANG_ENABLE_OBJC_WEAK = YES;
				CLANG_WARN_BLOCK_CAPTURE_AUTORELEASING = YES;
				CLANG_WARN_BOOL_CONVERSION = YES;
				CLANG_WARN_COMMA = YES;
				CLANG_WARN_CONSTANT_CONVERSION = YES;
				CLANG_WARN_DEPRECATED_OBJC_IMPLEMENTATIONS = YES;
				CLANG_WARN_DIRECT_OBJC_ISA_USAGE = YES_ERROR;
				CLANG_WARN_DOCUMENTATION_COMMENTS = YES;
				CLANG_WARN_EMPTY_BODY = YES;
				CLANG_WARN_ENUM_CONVERSION = YES;
				CLANG_WARN_INFINITE_RECURSION = YES;
				CLANG_WARN_INT_CONVERSION = YES;
				CLANG_WARN_NON_LITERAL_NULL_CONVERSION = YES;
				CLANG_WARN_OBJC_IMPLICIT_RETAIN_SELF = YES;
				CLANG_WARN_OBJC_LITERAL_CONVERSION = YES;
				CLANG_WARN_OBJC_ROOT_CLASS = YES_ERROR;
				CLANG_WARN_RANGE_LOOP_ANALYSIS = YES;
				CLANG_WARN_STRICT_PROTOTYPES = YES;
				CLANG_WARN_SUSPICIOUS_MOVE = YES;
				CLANG_WARN_UNGUARDED_AVAILABILITY = YES_AGGRESSIVE;
				CLANG_WARN_UNREACHABLE_CODE = YES;
				CLANG_WARN__DUPLICATE_METHOD_MATCH = YES;
				COPY_PHASE_STRIP = NO;
				DEBUG_INFORMATION_FORMAT = dwarf;
				ENABLE_STRICT_OBJC_MSGSEND = YES;
				ENABLE_TESTABILITY = YES;
				GCC_C_LANGUAGE_STANDARD = gnu11;
				GCC_DYNAMIC_NO_PIC = NO;
				GCC_NO_COMMON_BLOCKS = YES;
				GCC_OPTIMIZATION_LEVEL = 0;
				GCC_PREPROCESSOR_DEFINITIONS = (
					"DEBUG=1",
					"$(inherited)",
				);
				GCC_WARN_64_TO_32_BIT_CONVERSION = YES;
				GCC_WARN_ABOUT_RETURN_TYPE = YES_ERROR;
				GCC_WARN_UNDECLARED_SELECTOR = YES;
				GCC_WARN_UNINITIALIZED_AUTOS = YES_AGGRESSIVE;
				GCC_WARN_UNUSED_FUNCTION = YES;
				GCC_WARN_UNUSED_VARIABLE = YES;
				MACOSX_DEPLOYMENT_TARGET = 10.15;
				MTL_ENABLE_DEBUG_INFO = INCLUDE_SOURCE;
				MTL_FAST_MATH = YES;
				ONLY_ACTIVE_ARCH = YES;
				SDKROOT = macosx;
			};
			name = Debug;
		};
		45D9463B25A785EE00135BE0 /* Release */ = {
			isa = XCBuildConfiguration;
			buildSettings = {
				ALWAYS_SEARCH_USER_PATHS = NO;
				CLANG_ANALYZER_NONNULL = YES;
				CLANG_ANALYZER_NUMBER_OBJECT_CONVERSION = YES_AGGRESSIVE;
				CLANG_CXX_LANGUAGE_STANDARD = "gnu++14";
				CLANG_CXX_LIBRARY = "libc++";
				CLANG_ENABLE_MODULES = YES;
				CLANG_ENABLE_OBJC_ARC = YES;
				CLANG_ENABLE_OBJC_WEAK = YES;
				CLANG_WARN_BLOCK_CAPTURE_AUTORELEASING = YES;
				CLANG_WARN_BOOL_CONVERSION = YES;
				CLANG_WARN_COMMA = YES;
				CLANG_WARN_CONSTANT_CONVERSION = YES;
				CLANG_WARN_DEPRECATED_OBJC_IMPLEMENTATIONS = YES;
				CLANG_WARN_DIRECT_OBJC_ISA_USAGE = YES_ERROR;
				CLANG_WARN_DOCUMENTATION_COMMENTS = YES;
				CLANG_WARN_EMPTY_BODY = YES;
				CLANG_WARN_ENUM_CONVERSION = YES;
				CLANG_WARN_INFINITE_RECURSION = YES;
				CLANG_WARN_INT_CONVERSION = YES;
				CLANG_WARN_NON_LITERAL_NULL_CONVERSION = YES;
				CLANG_WARN_OBJC_IMPLICIT_RETAIN_SELF = YES;
				CLANG_WARN_OBJC_LITERAL_CONVERSION = YES;
				CLANG_WARN_OBJC_ROOT_CLASS = YES_ERROR;
				CLANG_WARN_RANGE_LOOP_ANALYSIS = YES;
				CLANG_WARN_STRICT_PROTOTYPES = YES;
				CLANG_WARN_SUSPICIOUS_MOVE = YES;
				CLANG_WARN_UNGUARDED_AVAILABILITY = YES_AGGRESSIVE;
				CLANG_WARN_UNREACHABLE_CODE = YES;
				CLANG_WARN__DUPLICATE_METHOD_MATCH = YES;
				COPY_PHASE_STRIP = NO;
				DEBUG_INFORMATION_FORMAT = "dwarf-with-dsym";
				ENABLE_NS_ASSERTIONS = NO;
				ENABLE_STRICT_OBJC_MSGSEND = YES;
				GCC_C_LANGUAGE_STANDARD = gnu11;
				GCC_NO_COMMON_BLOCKS = YES;
				GCC_WARN_64_TO_32_BIT_CONVERSION = YES;
				GCC_WARN_ABOUT_RETURN_TYPE = YES_ERROR;
				GCC_WARN_UNDECLARED_SELECTOR = YES;
				GCC_WARN_UNINITIALIZED_AUTOS = YES_AGGRESSIVE;
				GCC_WARN_UNUSED_FUNCTION = YES;
				GCC_WARN_UNUSED_VARIABLE = YES;
				MACOSX_DEPLOYMENT_TARGET = 10.15;
				MTL_ENABLE_DEBUG_INFO = NO;
				MTL_FAST_MATH = YES;
				SDKROOT = macosx;
			};
			name = Release;
		};
		45D9463D25A785EE00135BE0 /* Debug */ = {
			isa = XCBuildConfiguration;
			buildSettings = {
				CODE_SIGN_STYLE = Automatic;
				PRODUCT_NAME = "$(TARGET_NAME)";
			};
			name = Debug;
		};
		45D9463E25A785EE00135BE0 /* Release */ = {
			isa = XCBuildConfiguration;
			buildSettings = {
				CODE_SIGN_STYLE = Automatic;
				PRODUCT_NAME = "$(TARGET_NAME)";
			};
			name = Release;
		};
/* End XCBuildConfiguration section */

/* Begin XCConfigurationList section */
		45D9463025A785EE00135BE0 /* Build configuration list for PBXProject "SalesManProblem" */ = {
			isa = XCConfigurationList;
			buildConfigurations = (
				45D9463A25A785EE00135BE0 /* Debug */,
				45D9463B25A785EE00135BE0 /* Release */,
			);
			defaultConfigurationIsVisible = 0;
			defaultConfigurationName = Release;
		};
		45D9463C25A785EE00135BE0 /* Build configuration list for PBXNativeTarget "SalesManProblem" */ = {
			isa = XCConfigurationList;
			buildConfigurations = (
				45D9463D25A785EE00135BE0 /* Debug */,
				45D9463E25A785EE00135BE0 /* Release */,
			);
			defaultConfigurationIsVisible = 0;
			defaultConfigurationName = Release;
		};
/* End XCConfigurationList section */
	};
	rootObject = 45D9462D25A785EE00135BE0 /* Project object */;
}
